
Microsoft Visual Studio Solution File, Format Version 12.00
# Visual Studio Version 16
VisualStudioVersion = 16.0.32002.261
MinimumVisualStudioVersion = 10.0.40219.1
Project("{FAE04EC0-301F-11D3-BF4B-00C04F79EFBC}") = "linq-insert-delete-update", "linq-insert-delete-update\linq-insert-delete-update.csproj", "{8D43C33B-33EE-4684-86EE-6B82E82D8896}"
EndProject
Global
	GlobalSection(SolutionConfigurationPlatforms) = preSolution
		Debug|Any CPU = Debug|Any CPU
		Release|Any CPU = Release|Any CPU
	EndGlobalSection
	GlobalSection(ProjectConfigurationPlatforms) = postSolution
		{8D43C33B-33EE-4684-86EE-6B82E82D8896}.Debug|Any CPU.ActiveCfg = Debug|Any CPU
		{8D43C33B-33EE-4684-86EE-6B82E82D8896}.Debug|Any CPU.Build.0 = Debug|Any CPU
		{8D43C33B-33EE-4684-86EE-6B82E82D8896}.Release|Any CPU.ActiveCfg = Release|Any CPU
		{8D43C33B-33EE-4684-86EE-6B82E82D8896}.Release|Any CPU.Build.0 = Release|Any CPU
	EndGlobalSection
	GlobalSection(SolutionProperties) = preSolution
		HideSolutionNode = FALSE
	EndGlobalSection
	GlobalSection(ExtensibilityGlobals) = postSolution
		SolutionGuid = {A262ACB7-1849-46A4-B750-6C4EFDC6DF1F}
	EndGlobalSection
EndGlobal
